// !$*UTF8*$!
{
	archiveVersion = 1;
	classes = {
	};
	objectVersion = 56;
	objects = {

/* Begin PBXBuildFile section */
		0C2E82662BE24F4F009EE49C /* StableDiffusion in Frameworks */ = {isa = PBXBuildFile; productRef = 0C2E82652BE24F4F009EE49C /* StableDiffusion */; };
		0C43EE1C2BE2331B00DEE303 /* ImageGenerator.swift in Sources */ = {isa = PBXBuildFile; fileRef = 0C43EE1B2BE2331B00DEE303 /* ImageGenerator.swift */; };
		0C6D2E312BE3766D00970C2A /* CoreMLModels in Resources */ = {isa = PBXBuildFile; fileRef = 0C6D2E302BE3766D00970C2A /* CoreMLModels */; };
		0C9942902BE21FF100CDBEDF /* TextToImageView.swift in Sources */ = {isa = PBXBuildFile; fileRef = 0C99428F2BE21FF100CDBEDF /* TextToImageView.swift */; };
		0C9942922BE2203800CDBEDF /* PromptView.swift in Sources */ = {isa = PBXBuildFile; fileRef = 0C9942912BE2203800CDBEDF /* PromptView.swift */; };
		0C9942942BE2206000CDBEDF /* ImageToImageView.swift in Sources */ = {isa = PBXBuildFile; fileRef = 0C9942932BE2206000CDBEDF /* ImageToImageView.swift */; };
		0CFCA4D42BD9068D00CFA393 /* OnDevice_IOSApp.swift in Sources */ = {isa = PBXBuildFile; fileRef = 0CFCA4D32BD9068D00CFA393 /* OnDevice_IOSApp.swift */; };
		0CFCA4D62BD9068D00CFA393 /* ContentView.swift in Sources */ = {isa = PBXBuildFile; fileRef = 0CFCA4D52BD9068D00CFA393 /* ContentView.swift */; };
		0CFCA4D82BD9068E00CFA393 /* Assets.xcassets in Resources */ = {isa = PBXBuildFile; fileRef = 0CFCA4D72BD9068E00CFA393 /* Assets.xcassets */; };
		0CFCA4DB2BD9068E00CFA393 /* Preview Assets.xcassets in Resources */ = {isa = PBXBuildFile; fileRef = 0CFCA4DA2BD9068E00CFA393 /* Preview Assets.xcassets */; };
/* End PBXBuildFile section */

/* Begin PBXFileReference section */
		0C43EE1B2BE2331B00DEE303 /* ImageGenerator.swift */ = {isa = PBXFileReference; lastKnownFileType = sourcecode.swift; path = ImageGenerator.swift; sourceTree = "<group>"; };
		0C6D2E302BE3766D00970C2A /* CoreMLModels */ = {isa = PBXFileReference; lastKnownFileType = folder; path = CoreMLModels; sourceTree = "<group>"; };
		0C99428F2BE21FF100CDBEDF /* TextToImageView.swift */ = {isa = PBXFileReference; lastKnownFileType = sourcecode.swift; path = TextToImageView.swift; sourceTree = "<group>"; };
		0C9942912BE2203800CDBEDF /* PromptView.swift */ = {isa = PBXFileReference; lastKnownFileType = sourcecode.swift; path = PromptView.swift; sourceTree = "<group>"; };
		0C9942932BE2206000CDBEDF /* ImageToImageView.swift */ = {isa = PBXFileReference; lastKnownFileType = sourcecode.swift; path = ImageToImageView.swift; sourceTree = "<group>"; };
		0CFCA4D02BD9068D00CFA393 /* OnDevice-IOS.app */ = {isa = PBXFileReference; explicitFileType = wrapper.application; includeInIndex = 0; path = "OnDevice-IOS.app"; sourceTree = BUILT_PRODUCTS_DIR; };
		0CFCA4D32BD9068D00CFA393 /* OnDevice_IOSApp.swift */ = {isa = PBXFileReference; lastKnownFileType = sourcecode.swift; path = OnDevice_IOSApp.swift; sourceTree = "<group>"; };
		0CFCA4D52BD9068D00CFA393 /* ContentView.swift */ = {isa = PBXFileReference; lastKnownFileType = sourcecode.swift; path = ContentView.swift; sourceTree = "<group>"; };
		0CFCA4D72BD9068E00CFA393 /* Assets.xcassets */ = {isa = PBXFileReference; lastKnownFileType = folder.assetcatalog; path = Assets.xcassets; sourceTree = "<group>"; };
		0CFCA4DA2BD9068E00CFA393 /* Preview Assets.xcassets */ = {isa = PBXFileReference; lastKnownFileType = folder.assetcatalog; path = "Preview Assets.xcassets"; sourceTree = "<group>"; };
/* End PBXFileReference section */

/* Begin PBXFrameworksBuildPhase section */
		0CFCA4CD2BD9068D00CFA393 /* Frameworks */ = {
			isa = PBXFrameworksBuildPhase;
			buildActionMask = 2147483647;
			files = (
				0C2E82662BE24F4F009EE49C /* StableDiffusion in Frameworks */,
			);
			runOnlyForDeploymentPostprocessing = 0;
		};
/* End PBXFrameworksBuildPhase section */

/* Begin PBXGroup section */
		0CFCA4C72BD9068D00CFA393 = {
			isa = PBXGroup;
			children = (
				0CFCA4D22BD9068D00CFA393 /* OnDevice-IOS */,
				0CFCA4D12BD9068D00CFA393 /* Products */,
			);
			sourceTree = "<group>";
		};
		0CFCA4D12BD9068D00CFA393 /* Products */ = {
			isa = PBXGroup;
			children = (
				0CFCA4D02BD9068D00CFA393 /* OnDevice-IOS.app */,
			);
			name = Products;
			sourceTree = "<group>";
		};
		0CFCA4D22BD9068D00CFA393 /* OnDevice-IOS */ = {
			isa = PBXGroup;
			children = (
				0C6D2E302BE3766D00970C2A /* CoreMLModels */,
				0CFCA4D32BD9068D00CFA393 /* OnDevice_IOSApp.swift */,
				0CFCA4D52BD9068D00CFA393 /* ContentView.swift */,
				0C9942932BE2206000CDBEDF /* ImageToImageView.swift */,
				0C99428F2BE21FF100CDBEDF /* TextToImageView.swift */,
				0C9942912BE2203800CDBEDF /* PromptView.swift */,
				0C43EE1B2BE2331B00DEE303 /* ImageGenerator.swift */,
				0CFCA4D72BD9068E00CFA393 /* Assets.xcassets */,
				0CFCA4D92BD9068E00CFA393 /* Preview Content */,
			);
			path = "OnDevice-IOS";
			sourceTree = "<group>";
		};
		0CFCA4D92BD9068E00CFA393 /* Preview Content */ = {
			isa = PBXGroup;
			children = (
				0CFCA4DA2BD9068E00CFA393 /* Preview Assets.xcassets */,
			);
			path = "Preview Content";
			sourceTree = "<group>";
		};
/* End PBXGroup section */

/* Begin PBXNativeTarget section */
		0CFCA4CF2BD9068D00CFA393 /* OnDevice-IOS */ = {
			isa = PBXNativeTarget;
			buildConfigurationList = 0CFCA4DE2BD9068E00CFA393 /* Build configuration list for PBXNativeTarget "OnDevice-IOS" */;
			buildPhases = (
				0CFCA4CC2BD9068D00CFA393 /* Sources */,
				0CFCA4CD2BD9068D00CFA393 /* Frameworks */,
				0CFCA4CE2BD9068D00CFA393 /* Resources */,
			);
			buildRules = (
			);
			dependencies = (
			);
			name = "OnDevice-IOS";
			packageProductDependencies = (
				0C2E82652BE24F4F009EE49C /* StableDiffusion */,
			);
			productName = "OnDevice-IOS";
			productReference = 0CFCA4D02BD9068D00CFA393 /* OnDevice-IOS.app */;
			productType = "com.apple.product-type.application";
		};
/* End PBXNativeTarget section */

/* Begin PBXProject section */
		0CFCA4C82BD9068D00CFA393 /* Project object */ = {
			isa = PBXProject;
			attributes = {
				BuildIndependentTargetsInParallel = 1;
				LastSwiftUpdateCheck = 1520;
				LastUpgradeCheck = 1520;
				TargetAttributes = {
					0CFCA4CF2BD9068D00CFA393 = {
						CreatedOnToolsVersion = 15.2;
					};
				};
			};
			buildConfigurationList = 0CFCA4CB2BD9068D00CFA393 /* Build configuration list for PBXProject "OnDevice-IOS" */;
			compatibilityVersion = "Xcode 14.0";
			developmentRegion = en;
			hasScannedForEncodings = 0;
			knownRegions = (
				en,
				Base,
			);
			mainGroup = 0CFCA4C72BD9068D00CFA393;
			packageReferences = (
				0C2E82642BE24F4F009EE49C /* XCRemoteSwiftPackageReference "ml-stable-diffusion" */,
			);
			productRefGroup = 0CFCA4D12BD9068D00CFA393 /* Products */;
			projectDirPath = "";
			projectRoot = "";
			targets = (
				0CFCA4CF2BD9068D00CFA393 /* OnDevice-IOS */,
			);
		};
/* End PBXProject section */

/* Begin PBXResourcesBuildPhase section */
		0CFCA4CE2BD9068D00CFA393 /* Resources */ = {
			isa = PBXResourcesBuildPhase;
			buildActionMask = 2147483647;
			files = (
				0C6D2E312BE3766D00970C2A /* CoreMLModels in Resources */,
				0CFCA4DB2BD9068E00CFA393 /* Preview Assets.xcassets in Resources */,
				0CFCA4D82BD9068E00CFA393 /* Assets.xcassets in Resources */,
			);
			runOnlyForDeploymentPostprocessing = 0;
		};
/* End PBXResourcesBuildPhase section */

/* Begin PBXSourcesBuildPhase section */
		0CFCA4CC2BD9068D00CFA393 /* Sources */ = {
			isa = PBXSourcesBuildPhase;
			buildActionMask = 2147483647;
			files = (
				0CFCA4D62BD9068D00CFA393 /* ContentView.swift in Sources */,
				0C9942902BE21FF100CDBEDF /* TextToImageView.swift in Sources */,
				0C9942942BE2206000CDBEDF /* ImageToImageView.swift in Sources */,
				0C43EE1C2BE2331B00DEE303 /* ImageGenerator.swift in Sources */,
				0C9942922BE2203800CDBEDF /* PromptView.swift in Sources */,
				0CFCA4D42BD9068D00CFA393 /* OnDevice_IOSApp.swift in Sources */,
			);
			runOnlyForDeploymentPostprocessing = 0;
		};
/* End PBXSourcesBuildPhase section */

/* Begin XCBuildConfiguration section */
		0CFCA4DC2BD9068E00CFA393 /* Debug */ = {
			isa = XCBuildConfiguration;
			buildSettings = {
				ALWAYS_SEARCH_USER_PATHS = NO;
				ASSETCATALOG_COMPILER_GENERATE_SWIFT_ASSET_SYMBOL_EXTENSIONS = YES;
				CLANG_ANALYZER_NONNULL = YES;
				CLANG_ANALYZER_NUMBER_OBJECT_CONVERSION = YES_AGGRESSIVE;
				CLANG_CXX_LANGUAGE_STANDARD = "gnu++20";
				CLANG_ENABLE_MODULES = YES;
				CLANG_ENABLE_OBJC_ARC = YES;
				CLANG_ENABLE_OBJC_WEAK = YES;
				CLANG_WARN_BLOCK_CAPTURE_AUTORELEASING = YES;
				CLANG_WARN_BOOL_CONVERSION = YES;
				CLANG_WARN_COMMA = YES;
				CLANG_WARN_CONSTANT_CONVERSION = YES;
				CLANG_WARN_DEPRECATED_OBJC_IMPLEMENTATIONS = YES;
				CLANG_WARN_DIRECT_OBJC_ISA_USAGE = YES_ERROR;
				CLANG_WARN_DOCUMENTATION_COMMENTS = YES;
				CLANG_WARN_EMPTY_BODY = YES;
				CLANG_WARN_ENUM_CONVERSION = YES;
				CLANG_WARN_INFINITE_RECURSION = YES;
				CLANG_WARN_INT_CONVERSION = YES;
				CLANG_WARN_NON_LITERAL_NULL_CONVERSION = YES;
				CLANG_WARN_OBJC_IMPLICIT_RETAIN_SELF = YES;
				CLANG_WARN_OBJC_LITERAL_CONVERSION = YES;
				CLANG_WARN_OBJC_ROOT_CLASS = YES_ERROR;
				CLANG_WARN_QUOTED_INCLUDE_IN_FRAMEWORK_HEADER = YES;
				CLANG_WARN_RANGE_LOOP_ANALYSIS = YES;
				CLANG_WARN_STRICT_PROTOTYPES = YES;
				CLANG_WARN_SUSPICIOUS_MOVE = YES;
				CLANG_WARN_UNGUARDED_AVAILABILITY = YES_AGGRESSIVE;
				CLANG_WARN_UNREACHABLE_CODE = YES;
				CLANG_WARN__DUPLICATE_METHOD_MATCH = YES;
				COPY_PHASE_STRIP = NO;
				DEBUG_INFORMATION_FORMAT = dwarf;
				ENABLE_STRICT_OBJC_MSGSEND = YES;
				ENABLE_TESTABILITY = YES;
				ENABLE_USER_SCRIPT_SANDBOXING = YES;
				GCC_C_LANGUAGE_STANDARD = gnu17;
				GCC_DYNAMIC_NO_PIC = NO;
				GCC_NO_COMMON_BLOCKS = YES;
				GCC_OPTIMIZATION_LEVEL = 0;
				GCC_PREPROCESSOR_DEFINITIONS = (
					"DEBUG=1",
					"$(inherited)",
				);
				GCC_WARN_64_TO_32_BIT_CONVERSION = YES;
				GCC_WARN_ABOUT_RETURN_TYPE = YES_ERROR;
				GCC_WARN_UNDECLARED_SELECTOR = YES;
				GCC_WARN_UNINITIALIZED_AUTOS = YES_AGGRESSIVE;
				GCC_WARN_UNUSED_FUNCTION = YES;
				GCC_WARN_UNUSED_VARIABLE = YES;
				IPHONEOS_DEPLOYMENT_TARGET = 17.0;
				LOCALIZATION_PREFERS_STRING_CATALOGS = YES;
				MTL_ENABLE_DEBUG_INFO = INCLUDE_SOURCE;
				MTL_FAST_MATH = YES;
				ONLY_ACTIVE_ARCH = YES;
				SDKROOT = iphoneos;
				SWIFT_ACTIVE_COMPILATION_CONDITIONS = "DEBUG $(inherited)";
				SWIFT_OPTIMIZATION_LEVEL = "-Onone";
			};
			name = Debug;
		};
		0CFCA4DD2BD9068E00CFA393 /* Release */ = {
			isa = XCBuildConfiguration;
			buildSettings = {
				ALWAYS_SEARCH_USER_PATHS = NO;
				ASSETCATALOG_COMPILER_GENERATE_SWIFT_ASSET_SYMBOL_EXTENSIONS = YES;
				CLANG_ANALYZER_NONNULL = YES;
				CLANG_ANALYZER_NUMBER_OBJECT_CONVERSION = YES_AGGRESSIVE;
				CLANG_CXX_LANGUAGE_STANDARD = "gnu++20";
				CLANG_ENABLE_MODULES = YES;
				CLANG_ENABLE_OBJC_ARC = YES;
				CLANG_ENABLE_OBJC_WEAK = YES;
				CLANG_WARN_BLOCK_CAPTURE_AUTORELEASING = YES;
				CLANG_WARN_BOOL_CONVERSION = YES;
				CLANG_WARN_COMMA = YES;
				CLANG_WARN_CONSTANT_CONVERSION = YES;
				CLANG_WARN_DEPRECATED_OBJC_IMPLEMENTATIONS = YES;
				CLANG_WARN_DIRECT_OBJC_ISA_USAGE = YES_ERROR;
				CLANG_WARN_DOCUMENTATION_COMMENTS = YES;
				CLANG_WARN_EMPTY_BODY = YES;
				CLANG_WARN_ENUM_CONVERSION = YES;
				CLANG_WARN_INFINITE_RECURSION = YES;
				CLANG_WARN_INT_CONVERSION = YES;
				CLANG_WARN_NON_LITERAL_NULL_CONVERSION = YES;
				CLANG_WARN_OBJC_IMPLICIT_RETAIN_SELF = YES;
				CLANG_WARN_OBJC_LITERAL_CONVERSION = YES;
				CLANG_WARN_OBJC_ROOT_CLASS = YES_ERROR;
				CLANG_WARN_QUOTED_INCLUDE_IN_FRAMEWORK_HEADER = YES;
				CLANG_WARN_RANGE_LOOP_ANALYSIS = YES;
				CLANG_WARN_STRICT_PROTOTYPES = YES;
				CLANG_WARN_SUSPICIOUS_MOVE = YES;
				CLANG_WARN_UNGUARDED_AVAILABILITY = YES_AGGRESSIVE;
				CLANG_WARN_UNREACHABLE_CODE = YES;
				CLANG_WARN__DUPLICATE_METHOD_MATCH = YES;
				COPY_PHASE_STRIP = NO;
				DEBUG_INFORMATION_FORMAT = "dwarf-with-dsym";
				ENABLE_NS_ASSERTIONS = NO;
				ENABLE_STRICT_OBJC_MSGSEND = YES;
				ENABLE_USER_SCRIPT_SANDBOXING = YES;
				GCC_C_LANGUAGE_STANDARD = gnu17;
				GCC_NO_COMMON_BLOCKS = YES;
				GCC_WARN_64_TO_32_BIT_CONVERSION = YES;
				GCC_WARN_ABOUT_RETURN_TYPE = YES_ERROR;
				GCC_WARN_UNDECLARED_SELECTOR = YES;
				GCC_WARN_UNINITIALIZED_AUTOS = YES_AGGRESSIVE;
				GCC_WARN_UNUSED_FUNCTION = YES;
				GCC_WARN_UNUSED_VARIABLE = YES;
				IPHONEOS_DEPLOYMENT_TARGET = 17.0;
				LOCALIZATION_PREFERS_STRING_CATALOGS = YES;
				MTL_ENABLE_DEBUG_INFO = NO;
				MTL_FAST_MATH = YES;
				SDKROOT = iphoneos;
				SWIFT_COMPILATION_MODE = wholemodule;
				VALIDATE_PRODUCT = YES;
			};
			name = Release;
		};
		0CFCA4DF2BD9068E00CFA393 /* Debug */ = {
			isa = XCBuildConfiguration;
			buildSettings = {
				ASSETCATALOG_COMPILER_APPICON_NAME = AppIcon;
				ASSETCATALOG_COMPILER_GLOBAL_ACCENT_COLOR_NAME = AccentColor;
				CODE_SIGN_STYLE = Automatic;
				CURRENT_PROJECT_VERSION = 1;
				DEVELOPMENT_ASSET_PATHS = "\"OnDevice-IOS/Preview Content\"";
				DEVELOPMENT_TEAM = DHGYXG73DB;
				ENABLE_PREVIEWS = YES;
				GENERATE_INFOPLIST_FILE = YES;
				INFOPLIST_KEY_CFBundleDisplayName = "On-Device";
				INFOPLIST_KEY_LSApplicationCategoryType = "public.app-category.reference";
				INFOPLIST_KEY_UIApplicationSceneManifest_Generation = YES;
				INFOPLIST_KEY_UIApplicationSupportsIndirectInputEvents = YES;
				INFOPLIST_KEY_UILaunchScreen_Generation = YES;
				INFOPLIST_KEY_UISupportedInterfaceOrientations_iPad = "UIInterfaceOrientationPortrait UIInterfaceOrientationPortraitUpsideDown UIInterfaceOrientationLandscapeLeft UIInterfaceOrientationLandscapeRight";
				INFOPLIST_KEY_UISupportedInterfaceOrientations_iPhone = "UIInterfaceOrientationPortrait UIInterfaceOrientationLandscapeLeft UIInterfaceOrientationLandscapeRight";
				IPHONEOS_DEPLOYMENT_TARGET = 17.0;
				LD_RUNPATH_SEARCH_PATHS = (
					"$(inherited)",
					"@executable_path/Frameworks",
				);
				MARKETING_VERSION = 1.0;
				PRODUCT_BUNDLE_IDENTIFIER = "com.Custom.OnDevice-IOS";
				PRODUCT_NAME = "$(TARGET_NAME)";
				SUPPORTED_PLATFORMS = "iphoneos iphonesimulator";
				SUPPORTS_MACCATALYST = NO;
				SUPPORTS_MAC_DESIGNED_FOR_IPHONE_IPAD = NO;
				SUPPORTS_XR_DESIGNED_FOR_IPHONE_IPAD = NO;
				SWIFT_EMIT_LOC_STRINGS = YES;
				SWIFT_VERSION = 5.0;
				TARGETED_DEVICE_FAMILY = 1;
			};
			name = Debug;
		};
		0CFCA4E02BD9068E00CFA393 /* Release */ = {
			isa = XCBuildConfiguration;
			buildSettings = {
				ASSETCATALOG_COMPILER_APPICON_NAME = AppIcon;
				ASSETCATALOG_COMPILER_GLOBAL_ACCENT_COLOR_NAME = AccentColor;
				CODE_SIGN_STYLE = Automatic;
				CURRENT_PROJECT_VERSION = 1;
				DEVELOPMENT_ASSET_PATHS = "\"OnDevice-IOS/Preview Content\"";
				DEVELOPMENT_TEAM = DHGYXG73DB;
				ENABLE_PREVIEWS = YES;
				GENERATE_INFOPLIST_FILE = YES;
				INFOPLIST_KEY_CFBundleDisplayName = "On-Device";
				INFOPLIST_KEY_LSApplicationCategoryType = "public.app-category.reference";
				INFOPLIST_KEY_UIApplicationSceneManifest_Generation = YES;
				INFOPLIST_KEY_UIApplicationSupportsIndirectInputEvents = YES;
				INFOPLIST_KEY_UILaunchScreen_Generation = YES;
				INFOPLIST_KEY_UISupportedInterfaceOrientations_iPad = "UIInterfaceOrientationPortrait UIInterfaceOrientationPortraitUpsideDown UIInterfaceOrientationLandscapeLeft UIInterfaceOrientationLandscapeRight";
				INFOPLIST_KEY_UISupportedInterfaceOrientations_iPhone = "UIInterfaceOrientationPortrait UIInterfaceOrientationLandscapeLeft UIInterfaceOrientationLandscapeRight";
				IPHONEOS_DEPLOYMENT_TARGET = 17.0;
				LD_RUNPATH_SEARCH_PATHS = (
					"$(inherited)",
					"@executable_path/Frameworks",
				);
				MARKETING_VERSION = 1.0;
				PRODUCT_BUNDLE_IDENTIFIER = "com.Custom.OnDevice-IOS";
				PRODUCT_NAME = "$(TARGET_NAME)";
				SUPPORTED_PLATFORMS = "iphoneos iphonesimulator";
				SUPPORTS_MACCATALYST = NO;
				SUPPORTS_MAC_DESIGNED_FOR_IPHONE_IPAD = NO;
				SUPPORTS_XR_DESIGNED_FOR_IPHONE_IPAD = NO;
				SWIFT_EMIT_LOC_STRINGS = YES;
				SWIFT_VERSION = 5.0;
				TARGETED_DEVICE_FAMILY = 1;
			};
			name = Release;
		};
/* End XCBuildConfiguration section */

/* Begin XCConfigurationList section */
		0CFCA4CB2BD9068D00CFA393 /* Build configuration list for PBXProject "OnDevice-IOS" */ = {
			isa = XCConfigurationList;
			buildConfigurations = (
				0CFCA4DC2BD9068E00CFA393 /* Debug */,
				0CFCA4DD2BD9068E00CFA393 /* Release */,
			);
			defaultConfigurationIsVisible = 0;
			defaultConfigurationName = Release;
		};
		0CFCA4DE2BD9068E00CFA393 /* Build configuration list for PBXNativeTarget "OnDevice-IOS" */ = {
			isa = XCConfigurationList;
			buildConfigurations = (
				0CFCA4DF2BD9068E00CFA393 /* Debug */,
				0CFCA4E02BD9068E00CFA393 /* Release */,
			);
			defaultConfigurationIsVisible = 0;
			defaultConfigurationName = Release;
		};
/* End XCConfigurationList section */

/* Begin XCRemoteSwiftPackageReference section */
		0C2E82642BE24F4F009EE49C /* XCRemoteSwiftPackageReference "ml-stable-diffusion" */ = {
			isa = XCRemoteSwiftPackageReference;
			repositoryURL = "https://github.com/apple/ml-stable-diffusion";
			requirement = {
				kind = exactVersion;
				version = 1.1.0;
			};
		};
/* End XCRemoteSwiftPackageReference section */

/* Begin XCSwiftPackageProductDependency section */
		0C2E82652BE24F4F009EE49C /* StableDiffusion */ = {
			isa = XCSwiftPackageProductDependency;
			package = 0C2E82642BE24F4F009EE49C /* XCRemoteSwiftPackageReference "ml-stable-diffusion" */;
			productName = StableDiffusion;
		};
/* End XCSwiftPackageProductDependency section */
	};
	rootObject = 0CFCA4C82BD9068D00CFA393 /* Project object */;
}
