// !$*UTF8*$!
{
	archiveVersion = 1;
	classes = {
	};
	objectVersion = 70;
	objects = {

/* Begin PBXBuildFile section */
		0C3D77F12CC63BD900277C60 /* Tensor2Vid.swift in Sources */ = {isa = PBXBuildFile; fileRef = 0C3D77F02CC63BD900277C60 /* Tensor2Vid.swift */; };
		0C3D77F32CC63BF700277C60 /* Tensor2VidContentView.swift in Sources */ = {isa = PBXBuildFile; fileRef = 0C3D77F22CC63BF700277C60 /* Tensor2VidContentView.swift */; };
		0C4CBA1D2C8059AC00B37757 /* tokenizer_config.json in Resources */ = {isa = PBXBuildFile; fileRef = 0C4CBA1B2C8059AC00B37757 /* tokenizer_config.json */; };
		0C4CBA1E2C8059AC00B37757 /* tokenizer.json in Resources */ = {isa = PBXBuildFile; fileRef = 0C4CBA1C2C8059AC00B37757 /* tokenizer.json */; };
		0C4CBA202C805F5D00B37757 /* TextEncoding.swift in Sources */ = {isa = PBXBuildFile; fileRef = 0C4CBA1F2C805F5D00B37757 /* TextEncoding.swift */; };
		0CC6190D2CAA718A00FF7506 /* RFlowScheduler.swift in Sources */ = {isa = PBXBuildFile; fileRef = 0CC6190C2CAA717B00FF7506 /* RFlowScheduler.swift */; };
		0CC619102CABD02800FF7506 /* Asepct.swift in Sources */ = {isa = PBXBuildFile; fileRef = 0CC6190F2CABD02400FF7506 /* Asepct.swift */; };
		0CCD49F12C6C4760005D7F77 /* ManagedMLModel.swift in Sources */ = {isa = PBXBuildFile; fileRef = 0CCD49F02C6C4760005D7F77 /* ManagedMLModel.swift */; };
		0CCD49F32C6C54CA005D7F77 /* STDit3.swift in Sources */ = {isa = PBXBuildFile; fileRef = 0CCD49F22C6C54CA005D7F77 /* STDit3.swift */; };
		0CCD49F52C6C58A6005D7F77 /* VAEDecoder.swift in Sources */ = {isa = PBXBuildFile; fileRef = 0CCD49F42C6C58A6005D7F77 /* VAEDecoder.swift */; };
		0CCD49F72C6C5936005D7F77 /* ResourceManaging.swift in Sources */ = {isa = PBXBuildFile; fileRef = 0CCD49F62C6C5936005D7F77 /* ResourceManaging.swift */; };
		0CCD49FB2C6C5A1E005D7F77 /* SoraPipeline.swift in Sources */ = {isa = PBXBuildFile; fileRef = 0CCD49FA2C6C5A1E005D7F77 /* SoraPipeline.swift */; };
		0CCD49FD2C6C744F005D7F77 /* RFLOW.swift in Sources */ = {isa = PBXBuildFile; fileRef = 0CCD49FC2C6C744F005D7F77 /* RFLOW.swift */; };
		0CCD49FF2C6C84FC005D7F77 /* T5Tokenizer.swift in Sources */ = {isa = PBXBuildFile; fileRef = 0CCD49FE2C6C84FC005D7F77 /* T5Tokenizer.swift */; };
		0CCD4A022C6C85E2005D7F77 /* Transformers in Frameworks */ = {isa = PBXBuildFile; productRef = 0CCD4A012C6C85E2005D7F77 /* Transformers */; };
		0CCFB52B2C2AD669009DB83F /* On_Device_OpenSoraApp.swift in Sources */ = {isa = PBXBuildFile; fileRef = 0CCFB52A2C2AD669009DB83F /* On_Device_OpenSoraApp.swift */; };
		0CCFB52D2C2AD669009DB83F /* ContentView.swift in Sources */ = {isa = PBXBuildFile; fileRef = 0CCFB52C2C2AD669009DB83F /* ContentView.swift */; };
		0CCFB52F2C2AD66B009DB83F /* Assets.xcassets in Resources */ = {isa = PBXBuildFile; fileRef = 0CCFB52E2C2AD66B009DB83F /* Assets.xcassets */; };
		0CCFB5322C2AD66B009DB83F /* Preview Assets.xcassets in Resources */ = {isa = PBXBuildFile; fileRef = 0CCFB5312C2AD66B009DB83F /* Preview Assets.xcassets */; };
		650514292CDB3354004F65A5 /* vae_spatial.mlpackage in Sources */ = {isa = PBXBuildFile; fileRef = 650514272CDB3354004F65A5 /* vae_spatial.mlpackage */; };
		6505142A2CDB3354004F65A5 /* vae_temporal.mlpackage in Sources */ = {isa = PBXBuildFile; fileRef = 650514282CDB3354004F65A5 /* vae_temporal.mlpackage */; };
/* End PBXBuildFile section */

/* Begin PBXFileReference section */
		0C3D77F02CC63BD900277C60 /* Tensor2Vid.swift */ = {isa = PBXFileReference; lastKnownFileType = sourcecode.swift; path = Tensor2Vid.swift; sourceTree = "<group>"; };
		0C3D77F22CC63BF700277C60 /* Tensor2VidContentView.swift */ = {isa = PBXFileReference; lastKnownFileType = sourcecode.swift; path = Tensor2VidContentView.swift; sourceTree = "<group>"; };
		0C4CBA1B2C8059AC00B37757 /* tokenizer_config.json */ = {isa = PBXFileReference; fileEncoding = 4; lastKnownFileType = text.json; path = tokenizer_config.json; sourceTree = "<group>"; };
		0C4CBA1C2C8059AC00B37757 /* tokenizer.json */ = {isa = PBXFileReference; fileEncoding = 4; lastKnownFileType = text.json; path = tokenizer.json; sourceTree = "<group>"; };
		0C4CBA1F2C805F5D00B37757 /* TextEncoding.swift */ = {isa = PBXFileReference; lastKnownFileType = sourcecode.swift; path = TextEncoding.swift; sourceTree = "<group>"; };
		0CC6190C2CAA717B00FF7506 /* RFlowScheduler.swift */ = {isa = PBXFileReference; lastKnownFileType = sourcecode.swift; path = RFlowScheduler.swift; sourceTree = "<group>"; };
		0CC6190F2CABD02400FF7506 /* Asepct.swift */ = {isa = PBXFileReference; lastKnownFileType = sourcecode.swift; path = Asepct.swift; sourceTree = "<group>"; };
		0CCD49F02C6C4760005D7F77 /* ManagedMLModel.swift */ = {isa = PBXFileReference; lastKnownFileType = sourcecode.swift; path = ManagedMLModel.swift; sourceTree = "<group>"; };
		0CCD49F22C6C54CA005D7F77 /* STDit3.swift */ = {isa = PBXFileReference; lastKnownFileType = sourcecode.swift; path = STDit3.swift; sourceTree = "<group>"; };
		0CCD49F42C6C58A6005D7F77 /* VAEDecoder.swift */ = {isa = PBXFileReference; lastKnownFileType = sourcecode.swift; path = VAEDecoder.swift; sourceTree = "<group>"; };
		0CCD49F62C6C5936005D7F77 /* ResourceManaging.swift */ = {isa = PBXFileReference; lastKnownFileType = sourcecode.swift; path = ResourceManaging.swift; sourceTree = "<group>"; };
		0CCD49FA2C6C5A1E005D7F77 /* SoraPipeline.swift */ = {isa = PBXFileReference; lastKnownFileType = sourcecode.swift; path = SoraPipeline.swift; sourceTree = "<group>"; };
		0CCD49FC2C6C744F005D7F77 /* RFLOW.swift */ = {isa = PBXFileReference; lastKnownFileType = sourcecode.swift; path = RFLOW.swift; sourceTree = "<group>"; };
		0CCD49FE2C6C84FC005D7F77 /* T5Tokenizer.swift */ = {isa = PBXFileReference; lastKnownFileType = sourcecode.swift; path = T5Tokenizer.swift; sourceTree = "<group>"; };
		0CCFB5272C2AD669009DB83F /* On-Device-OpenSora.app */ = {isa = PBXFileReference; explicitFileType = wrapper.application; includeInIndex = 0; path = "On-Device-OpenSora.app"; sourceTree = BUILT_PRODUCTS_DIR; };
		0CCFB52A2C2AD669009DB83F /* On_Device_OpenSoraApp.swift */ = {isa = PBXFileReference; lastKnownFileType = sourcecode.swift; path = On_Device_OpenSoraApp.swift; sourceTree = "<group>"; };
		0CCFB52C2C2AD669009DB83F /* ContentView.swift */ = {isa = PBXFileReference; lastKnownFileType = sourcecode.swift; path = ContentView.swift; sourceTree = "<group>"; };
		0CCFB52E2C2AD66B009DB83F /* Assets.xcassets */ = {isa = PBXFileReference; lastKnownFileType = folder.assetcatalog; path = Assets.xcassets; sourceTree = "<group>"; };
		0CCFB5312C2AD66B009DB83F /* Preview Assets.xcassets */ = {isa = PBXFileReference; lastKnownFileType = folder.assetcatalog; path = "Preview Assets.xcassets"; sourceTree = "<group>"; };
		650514272CDB3354004F65A5 /* vae_spatial.mlpackage */ = {isa = PBXFileReference; lastKnownFileType = folder.mlpackage; path = vae_spatial.mlpackage; sourceTree = "<group>"; };
		650514282CDB3354004F65A5 /* vae_temporal.mlpackage */ = {isa = PBXFileReference; lastKnownFileType = folder.mlpackage; path = vae_temporal.mlpackage; sourceTree = "<group>"; };
/* End PBXFileReference section */

/* Begin PBXFileSystemSynchronizedRootGroup section */
		0CB223802CB6F19E000A75D0 /* T5 */ = {isa = PBXFileSystemSynchronizedRootGroup; explicitFileTypes = {}; explicitFolders = (); path = T5; sourceTree = "<group>"; };
		0CB223822CB6F1B2000A75D0 /* STDit */ = {isa = PBXFileSystemSynchronizedRootGroup; explicitFileTypes = {}; explicitFolders = (); path = STDit; sourceTree = "<group>"; };
/* End PBXFileSystemSynchronizedRootGroup section */

/* Begin PBXFrameworksBuildPhase section */
		0CCFB5242C2AD669009DB83F /* Frameworks */ = {
			isa = PBXFrameworksBuildPhase;
			buildActionMask = 2147483647;
			files = (
				0CCD4A022C6C85E2005D7F77 /* Transformers in Frameworks */,
			);
			runOnlyForDeploymentPostprocessing = 0;
		};
/* End PBXFrameworksBuildPhase section */

/* Begin PBXGroup section */
		0CCFB51E2C2AD669009DB83F = {
			isa = PBXGroup;
			children = (
				0CCFB5292C2AD669009DB83F /* On-Device-OpenSora */,
				0CCFB5282C2AD669009DB83F /* Products */,
			);
			sourceTree = "<group>";
		};
		0CCFB5282C2AD669009DB83F /* Products */ = {
			isa = PBXGroup;
			children = (
				0CCFB5272C2AD669009DB83F /* On-Device-OpenSora.app */,
			);
			name = Products;
			sourceTree = "<group>";
		};
		0CCFB5292C2AD669009DB83F /* On-Device-OpenSora */ = {
			isa = PBXGroup;
			children = (
				0CCFB52E2C2AD66B009DB83F /* Assets.xcassets */,
				0CCFB5302C2AD66B009DB83F /* Preview Content */,
				0CCFB52A2C2AD669009DB83F /* On_Device_OpenSoraApp.swift */,
				0CCFB52C2C2AD669009DB83F /* ContentView.swift */,
				0CCD49F62C6C5936005D7F77 /* ResourceManaging.swift */,
				0CCD49F02C6C4760005D7F77 /* ManagedMLModel.swift */,
				0CCD49FE2C6C84FC005D7F77 /* T5Tokenizer.swift */,
				0CC6190F2CABD02400FF7506 /* Asepct.swift */,
				0C4CBA1C2C8059AC00B37757 /* tokenizer.json */,
				0C4CBA1B2C8059AC00B37757 /* tokenizer_config.json */,
				0CB223802CB6F19E000A75D0 /* T5 */,
				0CB223822CB6F1B2000A75D0 /* STDit */,
				0CCD49FA2C6C5A1E005D7F77 /* SoraPipeline.swift */,
				650514272CDB3354004F65A5 /* vae_spatial.mlpackage */,
				650514282CDB3354004F65A5 /* vae_temporal.mlpackage */,
				0C4CBA1F2C805F5D00B37757 /* TextEncoding.swift */,
				0CCD49F22C6C54CA005D7F77 /* STDit3.swift */,
				0CCD49FC2C6C744F005D7F77 /* RFLOW.swift */,
				0CC6190C2CAA717B00FF7506 /* RFlowScheduler.swift */,
				0CCD49F42C6C58A6005D7F77 /* VAEDecoder.swift */,
				0C3D77F02CC63BD900277C60 /* Tensor2Vid.swift */,
				0C3D77F22CC63BF700277C60 /* Tensor2VidContentView.swift */,
			);
			path = "On-Device-OpenSora";
			sourceTree = "<group>";
		};
		0CCFB5302C2AD66B009DB83F /* Preview Content */ = {
			isa = PBXGroup;
			children = (
				0CCFB5312C2AD66B009DB83F /* Preview Assets.xcassets */,
			);
			path = "Preview Content";
			sourceTree = "<group>";
		};
/* End PBXGroup section */

/* Begin PBXNativeTarget section */
		0CCFB5262C2AD669009DB83F /* On-Device-OpenSora */ = {
			isa = PBXNativeTarget;
			buildConfigurationList = 0CCFB5352C2AD66B009DB83F /* Build configuration list for PBXNativeTarget "On-Device-OpenSora" */;
			buildPhases = (
				0CCFB5232C2AD669009DB83F /* Sources */,
				0CCFB5242C2AD669009DB83F /* Frameworks */,
				0CCFB5252C2AD669009DB83F /* Resources */,
			);
			buildRules = (
			);
			dependencies = (
			);
			fileSystemSynchronizedGroups = (
				0CB223802CB6F19E000A75D0 /* T5 */,
				0CB223822CB6F1B2000A75D0 /* STDit */,
			);
			name = "On-Device-OpenSora";
			packageProductDependencies = (
				0CCD4A012C6C85E2005D7F77 /* Transformers */,
			);
			productName = "On-Device-NLP";
			productReference = 0CCFB5272C2AD669009DB83F /* On-Device-OpenSora.app */;
			productType = "com.apple.product-type.application";
		};
/* End PBXNativeTarget section */

/* Begin PBXProject section */
		0CCFB51F2C2AD669009DB83F /* Project object */ = {
			isa = PBXProject;
			attributes = {
				BuildIndependentTargetsInParallel = 1;
				LastSwiftUpdateCheck = 1540;
				LastUpgradeCheck = 1540;
				TargetAttributes = {
					0CCFB5262C2AD669009DB83F = {
						CreatedOnToolsVersion = 15.4;
					};
				};
			};
			buildConfigurationList = 0CCFB5222C2AD669009DB83F /* Build configuration list for PBXProject "On-Device-OpenSora" */;
			compatibilityVersion = "Xcode 14.0";
			developmentRegion = en;
			hasScannedForEncodings = 0;
			knownRegions = (
				en,
				Base,
			);
			mainGroup = 0CCFB51E2C2AD669009DB83F;
			packageReferences = (
				0CCD4A002C6C85E2005D7F77 /* XCRemoteSwiftPackageReference "swift-transformers" */,
			);
			productRefGroup = 0CCFB5282C2AD669009DB83F /* Products */;
			projectDirPath = "";
			projectRoot = "";
			targets = (
				0CCFB5262C2AD669009DB83F /* On-Device-OpenSora */,
			);
		};
/* End PBXProject section */

/* Begin PBXResourcesBuildPhase section */
		0CCFB5252C2AD669009DB83F /* Resources */ = {
			isa = PBXResourcesBuildPhase;
			buildActionMask = 2147483647;
			files = (
				0CCFB5322C2AD66B009DB83F /* Preview Assets.xcassets in Resources */,
				0C4CBA1E2C8059AC00B37757 /* tokenizer.json in Resources */,
				0C4CBA1D2C8059AC00B37757 /* tokenizer_config.json in Resources */,
				0CCFB52F2C2AD66B009DB83F /* Assets.xcassets in Resources */,
			);
			runOnlyForDeploymentPostprocessing = 0;
		};
/* End PBXResourcesBuildPhase section */

/* Begin PBXSourcesBuildPhase section */
		0CCFB5232C2AD669009DB83F /* Sources */ = {
			isa = PBXSourcesBuildPhase;
			buildActionMask = 2147483647;
			files = (
				0CCD49FD2C6C744F005D7F77 /* RFLOW.swift in Sources */,
				0CCFB52D2C2AD669009DB83F /* ContentView.swift in Sources */,
				0CCFB52B2C2AD669009DB83F /* On_Device_OpenSoraApp.swift in Sources */,
				0CCD49F72C6C5936005D7F77 /* ResourceManaging.swift in Sources */,
				0CCD49F12C6C4760005D7F77 /* ManagedMLModel.swift in Sources */,
				0C3D77F32CC63BF700277C60 /* Tensor2VidContentView.swift in Sources */,
				0CCD49F52C6C58A6005D7F77 /* VAEDecoder.swift in Sources */,
				0CC619102CABD02800FF7506 /* Asepct.swift in Sources */,
				0C4CBA202C805F5D00B37757 /* TextEncoding.swift in Sources */,
				0CCD49FF2C6C84FC005D7F77 /* T5Tokenizer.swift in Sources */,
				0CC6190D2CAA718A00FF7506 /* RFlowScheduler.swift in Sources */,
				0CCD49FB2C6C5A1E005D7F77 /* SoraPipeline.swift in Sources */,
				0CCD49F32C6C54CA005D7F77 /* STDit3.swift in Sources */,
				0C3D77F12CC63BD900277C60 /* Tensor2Vid.swift in Sources */,
				650514292CDB3354004F65A5 /* vae_spatial.mlpackage in Sources */,
				6505142A2CDB3354004F65A5 /* vae_temporal.mlpackage in Sources */,
			);
			runOnlyForDeploymentPostprocessing = 0;
		};
/* End PBXSourcesBuildPhase section */

/* Begin XCBuildConfiguration section */
		0CCFB5332C2AD66B009DB83F /* Debug */ = {
			isa = XCBuildConfiguration;
			buildSettings = {
				ALWAYS_SEARCH_USER_PATHS = NO;
				ASSETCATALOG_COMPILER_GENERATE_SWIFT_ASSET_SYMBOL_EXTENSIONS = YES;
				CLANG_ANALYZER_NONNULL = YES;
				CLANG_ANALYZER_NUMBER_OBJECT_CONVERSION = YES_AGGRESSIVE;
				CLANG_CXX_LANGUAGE_STANDARD = "gnu++20";
				CLANG_ENABLE_MODULES = YES;
				CLANG_ENABLE_OBJC_ARC = YES;
				CLANG_ENABLE_OBJC_WEAK = YES;
				CLANG_WARN_BLOCK_CAPTURE_AUTORELEASING = YES;
				CLANG_WARN_BOOL_CONVERSION = YES;
				CLANG_WARN_COMMA = YES;
				CLANG_WARN_CONSTANT_CONVERSION = YES;
				CLANG_WARN_DEPRECATED_OBJC_IMPLEMENTATIONS = YES;
				CLANG_WARN_DIRECT_OBJC_ISA_USAGE = YES_ERROR;
				CLANG_WARN_DOCUMENTATION_COMMENTS = YES;
				CLANG_WARN_EMPTY_BODY = YES;
				CLANG_WARN_ENUM_CONVERSION = YES;
				CLANG_WARN_INFINITE_RECURSION = YES;
				CLANG_WARN_INT_CONVERSION = YES;
				CLANG_WARN_NON_LITERAL_NULL_CONVERSION = YES;
				CLANG_WARN_OBJC_IMPLICIT_RETAIN_SELF = YES;
				CLANG_WARN_OBJC_LITERAL_CONVERSION = YES;
				CLANG_WARN_OBJC_ROOT_CLASS = YES_ERROR;
				CLANG_WARN_QUOTED_INCLUDE_IN_FRAMEWORK_HEADER = YES;
				CLANG_WARN_RANGE_LOOP_ANALYSIS = YES;
				CLANG_WARN_STRICT_PROTOTYPES = YES;
				CLANG_WARN_SUSPICIOUS_MOVE = YES;
				CLANG_WARN_UNGUARDED_AVAILABILITY = YES_AGGRESSIVE;
				CLANG_WARN_UNREACHABLE_CODE = YES;
				CLANG_WARN__DUPLICATE_METHOD_MATCH = YES;
				COPY_PHASE_STRIP = NO;
				DEBUG_INFORMATION_FORMAT = dwarf;
				ENABLE_STRICT_OBJC_MSGSEND = YES;
				ENABLE_TESTABILITY = YES;
				ENABLE_USER_SCRIPT_SANDBOXING = YES;
				GCC_C_LANGUAGE_STANDARD = gnu17;
				GCC_DYNAMIC_NO_PIC = NO;
				GCC_NO_COMMON_BLOCKS = YES;
				GCC_OPTIMIZATION_LEVEL = 0;
				GCC_PREPROCESSOR_DEFINITIONS = (
					"DEBUG=1",
					"$(inherited)",
				);
				GCC_WARN_64_TO_32_BIT_CONVERSION = YES;
				GCC_WARN_ABOUT_RETURN_TYPE = YES_ERROR;
				GCC_WARN_UNDECLARED_SELECTOR = YES;
				GCC_WARN_UNINITIALIZED_AUTOS = YES_AGGRESSIVE;
				GCC_WARN_UNUSED_FUNCTION = YES;
				GCC_WARN_UNUSED_VARIABLE = YES;
				IPHONEOS_DEPLOYMENT_TARGET = 18.0;
				LOCALIZATION_PREFERS_STRING_CATALOGS = YES;
				MTL_ENABLE_DEBUG_INFO = INCLUDE_SOURCE;
				MTL_FAST_MATH = YES;
				ONLY_ACTIVE_ARCH = NO;
				SDKROOT = iphoneos;
				SWIFT_ACTIVE_COMPILATION_CONDITIONS = "DEBUG $(inherited)";
				SWIFT_OPTIMIZATION_LEVEL = "-Onone";
			};
			name = Debug;
		};
		0CCFB5342C2AD66B009DB83F /* Release */ = {
			isa = XCBuildConfiguration;
			buildSettings = {
				ALWAYS_SEARCH_USER_PATHS = NO;
				ASSETCATALOG_COMPILER_GENERATE_SWIFT_ASSET_SYMBOL_EXTENSIONS = YES;
				CLANG_ANALYZER_NONNULL = YES;
				CLANG_ANALYZER_NUMBER_OBJECT_CONVERSION = YES_AGGRESSIVE;
				CLANG_CXX_LANGUAGE_STANDARD = "gnu++20";
				CLANG_ENABLE_MODULES = YES;
				CLANG_ENABLE_OBJC_ARC = YES;
				CLANG_ENABLE_OBJC_WEAK = YES;
				CLANG_WARN_BLOCK_CAPTURE_AUTORELEASING = YES;
				CLANG_WARN_BOOL_CONVERSION = YES;
				CLANG_WARN_COMMA = YES;
				CLANG_WARN_CONSTANT_CONVERSION = YES;
				CLANG_WARN_DEPRECATED_OBJC_IMPLEMENTATIONS = YES;
				CLANG_WARN_DIRECT_OBJC_ISA_USAGE = YES_ERROR;
				CLANG_WARN_DOCUMENTATION_COMMENTS = YES;
				CLANG_WARN_EMPTY_BODY = YES;
				CLANG_WARN_ENUM_CONVERSION = YES;
				CLANG_WARN_INFINITE_RECURSION = YES;
				CLANG_WARN_INT_CONVERSION = YES;
				CLANG_WARN_NON_LITERAL_NULL_CONVERSION = YES;
				CLANG_WARN_OBJC_IMPLICIT_RETAIN_SELF = YES;
				CLANG_WARN_OBJC_LITERAL_CONVERSION = YES;
				CLANG_WARN_OBJC_ROOT_CLASS = YES_ERROR;
				CLANG_WARN_QUOTED_INCLUDE_IN_FRAMEWORK_HEADER = YES;
				CLANG_WARN_RANGE_LOOP_ANALYSIS = YES;
				CLANG_WARN_STRICT_PROTOTYPES = YES;
				CLANG_WARN_SUSPICIOUS_MOVE = YES;
				CLANG_WARN_UNGUARDED_AVAILABILITY = YES_AGGRESSIVE;
				CLANG_WARN_UNREACHABLE_CODE = YES;
				CLANG_WARN__DUPLICATE_METHOD_MATCH = YES;
				COPY_PHASE_STRIP = NO;
				DEBUG_INFORMATION_FORMAT = "dwarf-with-dsym";
				ENABLE_NS_ASSERTIONS = NO;
				ENABLE_STRICT_OBJC_MSGSEND = YES;
				ENABLE_USER_SCRIPT_SANDBOXING = YES;
				GCC_C_LANGUAGE_STANDARD = gnu17;
				GCC_NO_COMMON_BLOCKS = YES;
				GCC_WARN_64_TO_32_BIT_CONVERSION = YES;
				GCC_WARN_ABOUT_RETURN_TYPE = YES_ERROR;
				GCC_WARN_UNDECLARED_SELECTOR = YES;
				GCC_WARN_UNINITIALIZED_AUTOS = YES_AGGRESSIVE;
				GCC_WARN_UNUSED_FUNCTION = YES;
				GCC_WARN_UNUSED_VARIABLE = YES;
				IPHONEOS_DEPLOYMENT_TARGET = 18.0;
				LOCALIZATION_PREFERS_STRING_CATALOGS = YES;
				MTL_ENABLE_DEBUG_INFO = NO;
				MTL_FAST_MATH = YES;
				SDKROOT = iphoneos;
				SWIFT_COMPILATION_MODE = wholemodule;
				VALIDATE_PRODUCT = YES;
			};
			name = Release;
		};
		0CCFB5362C2AD66B009DB83F /* Debug */ = {
			isa = XCBuildConfiguration;
			buildSettings = {
				ASSETCATALOG_COMPILER_APPICON_NAME = AppIcon;
				ASSETCATALOG_COMPILER_GLOBAL_ACCENT_COLOR_NAME = AccentColor;
				CODE_SIGN_IDENTITY = "Apple Development";
				CODE_SIGN_STYLE = Automatic;
				CURRENT_PROJECT_VERSION = 1;
				DEVELOPMENT_ASSET_PATHS = "\"On-Device-OpenSora/Preview Content\"";
				DEVELOPMENT_TEAM = N79RZ6G4Y6;
				ENABLE_PREVIEWS = YES;
				GENERATE_INFOPLIST_FILE = YES;
				INFOPLIST_KEY_UIApplicationSceneManifest_Generation = YES;
				INFOPLIST_KEY_UIApplicationSupportsIndirectInputEvents = YES;
				INFOPLIST_KEY_UILaunchScreen_Generation = YES;
				INFOPLIST_KEY_UISupportedInterfaceOrientations_iPad = "UIInterfaceOrientationPortrait UIInterfaceOrientationPortraitUpsideDown UIInterfaceOrientationLandscapeLeft UIInterfaceOrientationLandscapeRight";
				INFOPLIST_KEY_UISupportedInterfaceOrientations_iPhone = "UIInterfaceOrientationPortrait UIInterfaceOrientationLandscapeLeft UIInterfaceOrientationLandscapeRight";
				IPHONEOS_DEPLOYMENT_TARGET = 18.0;
				LD_RUNPATH_SEARCH_PATHS = (
					"$(inherited)",
					"@executable_path/Frameworks",
				);
				MARKETING_VERSION = 1.0;
				PRODUCT_BUNDLE_IDENTIFIER = "com.EAI.On-Device-OpenSora-jjm";
				PRODUCT_NAME = "$(TARGET_NAME)";
				PROVISIONING_PROFILE_SPECIFIER = "";
				SUPPORTED_PLATFORMS = "iphoneos iphonesimulator";
				SUPPORTS_MACCATALYST = NO;
				SUPPORTS_XR_DESIGNED_FOR_IPHONE_IPAD = NO;
				SWIFT_EMIT_LOC_STRINGS = YES;
				SWIFT_VERSION = 5.0;
				TARGETED_DEVICE_FAMILY = "1,2";
			};
			name = Debug;
		};
		0CCFB5372C2AD66B009DB83F /* Release */ = {
			isa = XCBuildConfiguration;
			buildSettings = {
				ASSETCATALOG_COMPILER_APPICON_NAME = AppIcon;
				ASSETCATALOG_COMPILER_GLOBAL_ACCENT_COLOR_NAME = AccentColor;
				CODE_SIGN_IDENTITY = "Apple Development";
				CODE_SIGN_STYLE = Automatic;
				CURRENT_PROJECT_VERSION = 1;
				DEVELOPMENT_ASSET_PATHS = "\"On-Device-OpenSora/Preview Content\"";
				DEVELOPMENT_TEAM = N79RZ6G4Y6;
				ENABLE_PREVIEWS = YES;
				GENERATE_INFOPLIST_FILE = YES;
				INFOPLIST_KEY_UIApplicationSceneManifest_Generation = YES;
				INFOPLIST_KEY_UIApplicationSupportsIndirectInputEvents = YES;
				INFOPLIST_KEY_UILaunchScreen_Generation = YES;
				INFOPLIST_KEY_UISupportedInterfaceOrientations_iPad = "UIInterfaceOrientationPortrait UIInterfaceOrientationPortraitUpsideDown UIInterfaceOrientationLandscapeLeft UIInterfaceOrientationLandscapeRight";
				INFOPLIST_KEY_UISupportedInterfaceOrientations_iPhone = "UIInterfaceOrientationPortrait UIInterfaceOrientationLandscapeLeft UIInterfaceOrientationLandscapeRight";
				IPHONEOS_DEPLOYMENT_TARGET = 18.0;
				LD_RUNPATH_SEARCH_PATHS = (
					"$(inherited)",
					"@executable_path/Frameworks",
				);
				MARKETING_VERSION = 1.0;
				PRODUCT_BUNDLE_IDENTIFIER = "com.EAI.On-Device-OpenSora-jjm";
				PRODUCT_NAME = "$(TARGET_NAME)";
				PROVISIONING_PROFILE_SPECIFIER = "";
				SUPPORTED_PLATFORMS = "iphoneos iphonesimulator";
				SUPPORTS_MACCATALYST = NO;
				SUPPORTS_XR_DESIGNED_FOR_IPHONE_IPAD = NO;
				SWIFT_EMIT_LOC_STRINGS = YES;
				SWIFT_VERSION = 5.0;
				TARGETED_DEVICE_FAMILY = "1,2";
			};
			name = Release;
		};
/* End XCBuildConfiguration section */

/* Begin XCConfigurationList section */
		0CCFB5222C2AD669009DB83F /* Build configuration list for PBXProject "On-Device-OpenSora" */ = {
			isa = XCConfigurationList;
			buildConfigurations = (
				0CCFB5332C2AD66B009DB83F /* Debug */,
				0CCFB5342C2AD66B009DB83F /* Release */,
			);
			defaultConfigurationIsVisible = 0;
			defaultConfigurationName = Release;
		};
		0CCFB5352C2AD66B009DB83F /* Build configuration list for PBXNativeTarget "On-Device-OpenSora" */ = {
			isa = XCConfigurationList;
			buildConfigurations = (
				0CCFB5362C2AD66B009DB83F /* Debug */,
				0CCFB5372C2AD66B009DB83F /* Release */,
			);
			defaultConfigurationIsVisible = 0;
			defaultConfigurationName = Release;
		};
/* End XCConfigurationList section */

/* Begin XCRemoteSwiftPackageReference section */
		0CCD4A002C6C85E2005D7F77 /* XCRemoteSwiftPackageReference "swift-transformers" */ = {
			isa = XCRemoteSwiftPackageReference;
			repositoryURL = "https://github.com/huggingface/swift-transformers.git";
			requirement = {
				kind = exactVersion;
				version = 0.1.9;
			};
		};
/* End XCRemoteSwiftPackageReference section */

/* Begin XCSwiftPackageProductDependency section */
		0CCD4A012C6C85E2005D7F77 /* Transformers */ = {
			isa = XCSwiftPackageProductDependency;
			package = 0CCD4A002C6C85E2005D7F77 /* XCRemoteSwiftPackageReference "swift-transformers" */;
			productName = Transformers;
		};
/* End XCSwiftPackageProductDependency section */
	};
	rootObject = 0CCFB51F2C2AD669009DB83F /* Project object */;
}
